
Microsoft Visual Studio Solution File, Format Version 12.00
# Visual Studio Version 17
VisualStudioVersion = 17.6.33723.286
MinimumVisualStudioVersion = 10.0.40219.1
Project("{FAE04EC0-301F-11D3-BF4B-00C04F79EFBC}") = "TablaAmort", "TablaAmort\TablaAmort.csproj", "{7D599D46-B65D-4A13-9134-E07C5118CBFA}"
EndProject
Global
	GlobalSection(SolutionConfigurationPlatforms) = preSolution
		Debug|Any CPU = Debug|Any CPU
		Release|Any CPU = Release|Any CPU
	EndGlobalSection
	GlobalSection(ProjectConfigurationPlatforms) = postSolution
		{7D599D46-B65D-4A13-9134-E07C5118CBFA}.Debug|Any CPU.ActiveCfg = Debug|Any CPU
		{7D599D46-B65D-4A13-9134-E07C5118CBFA}.Debug|Any CPU.Build.0 = Debug|Any CPU
		{7D599D46-B65D-4A13-9134-E07C5118CBFA}.Release|Any CPU.ActiveCfg = Release|Any CPU
		{7D599D46-B65D-4A13-9134-E07C5118CBFA}.Release|Any CPU.Build.0 = Release|Any CPU
	EndGlobalSection
	GlobalSection(SolutionProperties) = preSolution
		HideSolutionNode = FALSE
	EndGlobalSection
	GlobalSection(ExtensibilityGlobals) = postSolution
		SolutionGuid = {1880318D-D821-48C6-89B7-D469FC71C68F}
	EndGlobalSection
EndGlobal
